# This file is @generated by PDM.
# It is not intended for manual editing.

[metadata]
groups = ["default"]
strategy = ["cross_platform"]
lock_version = "4.4"
content_hash = "sha256:0b88d303d18857068de97de35fc885ab9eb6d3ca6913ea8e0c8fa57e6bf3856c"

[[package]]
name = "anyio"
version = "4.3.0"
requires_python = ">=3.8"
summary = "High level compatibility layer for multiple asynchronous event loop implementations"
dependencies = [
    "idna>=2.8",
    "sniffio>=1.1",
]
files = [
    {file = "anyio-4.3.0-py3-none-any.whl", hash = "sha256:048e05d0f6caeed70d731f3db756d35dcc1f35747c8c403364a8332c630441b8"},
    {file = "anyio-4.3.0.tar.gz", hash = "sha256:f75253795a87df48568485fd18cdd2a3fa5c4f7c5be8e5e36637733fce06fed6"},
]

[[package]]
name = "apscheduler"
version = "3.10.4"
requires_python = ">=3.6"
summary = "In-process task scheduler with Cron-like capabilities"
dependencies = [
    "pytz",
    "six>=1.4.0",
    "tzlocal!=3.*,>=2.0",
]
files = [
    {file = "APScheduler-3.10.4-py3-none-any.whl", hash = "sha256:fb91e8a768632a4756a585f79ec834e0e27aad5860bac7eaa523d9ccefd87661"},
    {file = "APScheduler-3.10.4.tar.gz", hash = "sha256:e6df071b27d9be898e486bc7940a7be50b4af2e9da7c08f0744a96d4bd4cef4a"},
]

[[package]]
name = "cachetools"
version = "5.3.3"
requires_python = ">=3.7"
summary = "Extensible memoizing collections and decorators"
files = [
    {file = "cachetools-5.3.3-py3-none-any.whl", hash = "sha256:0abad1021d3f8325b2fc1d2e9c8b9c9d57b04c3932657a72465447332c24d945"},
    {file = "cachetools-5.3.3.tar.gz", hash = "sha256:ba29e2dfa0b8b556606f097407ed1aa62080ee108ab0dc5ec9d6a723a007d105"},
]

[[package]]
name = "certifi"
version = "2024.2.2"
requires_python = ">=3.6"
summary = "Python package for providing Mozilla's CA Bundle."
files = [
    {file = "certifi-2024.2.2-py3-none-any.whl", hash = "sha256:dc383c07b76109f368f6106eee2b593b04a011ea4d55f652c6ca24a754d1cdd1"},
    {file = "certifi-2024.2.2.tar.gz", hash = "sha256:0569859f95fc761b18b45ef421b1290a0f65f147e92a1e5eb3e635f9a5e4e66f"},
]

[[package]]
name = "h11"
version = "0.14.0"
requires_python = ">=3.7"
summary = "A pure-Python, bring-your-own-I/O implementation of HTTP/1.1"
files = [
    {file = "h11-0.14.0-py3-none-any.whl", hash = "sha256:e3fe4ac4b851c468cc8363d500db52c2ead036020723024a109d37346efaa761"},
    {file = "h11-0.14.0.tar.gz", hash = "sha256:8f19fbbe99e72420ff35c00b27a34cb9937e902a8b810e2c88300c6f0a3b699d"},
]

[[package]]
name = "httpcore"
version = "1.0.4"
requires_python = ">=3.8"
summary = "A minimal low-level HTTP client."
dependencies = [
    "certifi",
    "h11<0.15,>=0.13",
]
files = [
    {file = "httpcore-1.0.4-py3-none-any.whl", hash = "sha256:ac418c1db41bade2ad53ae2f3834a3a0f5ae76b56cf5aa497d2d033384fc7d73"},
    {file = "httpcore-1.0.4.tar.gz", hash = "sha256:cb2839ccfcba0d2d3c1131d3c3e26dfc327326fbe7a5dc0dbfe9f6c9151bb022"},
]

[[package]]
name = "httpx"
version = "0.26.0"
requires_python = ">=3.8"
summary = "The next generation HTTP client."
dependencies = [
    "anyio",
    "certifi",
    "httpcore==1.*",
    "idna",
    "sniffio",
]
files = [
    {file = "httpx-0.26.0-py3-none-any.whl", hash = "sha256:8915f5a3627c4d47b73e8202457cb28f1266982d1159bd5779d86a80c0eab1cd"},
    {file = "httpx-0.26.0.tar.gz", hash = "sha256:451b55c30d5185ea6b23c2c793abf9bb237d2a7dfb901ced6ff69ad37ec1dfaf"},
]

[[package]]
name = "idna"
version = "3.6"
requires_python = ">=3.5"
summary = "Internationalized Domain Names in Applications (IDNA)"
files = [
    {file = "idna-3.6-py3-none-any.whl", hash = "sha256:c05567e9c24a6b9faaa835c4821bad0590fbb9d5779e7caa6e1cc4978e7eb24f"},
    {file = "idna-3.6.tar.gz", hash = "sha256:9ecdbbd083b06798ae1e86adcbfe8ab1479cf864e4ee30fe4e46a003d12491ca"},
]

[[package]]
name = "python-telegram-bot"
version = "20.8"
requires_python = ">=3.8"
summary = "We have made you a wrapper you can't refuse"
dependencies = [
    "httpx~=0.26.0",
]
files = [
    {file = "python-telegram-bot-20.8.tar.gz", hash = "sha256:0e1e4a6dbce3f4ba606990d66467a5a2d2018368fe44756fae07410a74e960dc"},
    {file = "python_telegram_bot-20.8-py3-none-any.whl", hash = "sha256:a98ddf2f237d6584b03a2f8b20553e1b5e02c8d3a1ea8e17fd06cc955af78c14"},
]

[[package]]
name = "python-telegram-bot"
version = "20.8"
extras = ["callback-data", "job-queue"]
requires_python = ">=3.8"
summary = "We have made you a wrapper you can't refuse"
dependencies = [
    "APScheduler~=3.10.4",
    "cachetools~=5.3.2",
    "python-telegram-bot==20.8",
    "pytz>=2018.6",
]
files = [
    {file = "python-telegram-bot-20.8.tar.gz", hash = "sha256:0e1e4a6dbce3f4ba606990d66467a5a2d2018368fe44756fae07410a74e960dc"},
    {file = "python_telegram_bot-20.8-py3-none-any.whl", hash = "sha256:a98ddf2f237d6584b03a2f8b20553e1b5e02c8d3a1ea8e17fd06cc955af78c14"},
]

[[package]]
name = "pytz"
version = "2024.1"
summary = "World timezone definitions, modern and historical"
files = [
    {file = "pytz-2024.1-py2.py3-none-any.whl", hash = "sha256:328171f4e3623139da4983451950b28e95ac706e13f3f2630a879749e7a8b319"},
    {file = "pytz-2024.1.tar.gz", hash = "sha256:2a29735ea9c18baf14b448846bde5a48030ed267578472d8955cd0e7443a9812"},
]

[[package]]
name = "six"
version = "1.16.0"
requires_python = ">=2.7, !=3.0.*, !=3.1.*, !=3.2.*"
summary = "Python 2 and 3 compatibility utilities"
files = [
    {file = "six-1.16.0-py2.py3-none-any.whl", hash = "sha256:8abb2f1d86890a2dfb989f9a77cfcfd3e47c2a354b01111771326f8aa26e0254"},
    {file = "six-1.16.0.tar.gz", hash = "sha256:1e61c37477a1626458e36f7b1d82aa5c9b094fa4802892072e49de9c60c4c926"},
]

[[package]]
name = "sniffio"
version = "1.3.1"
requires_python = ">=3.7"
summary = "Sniff out which async library your code is running under"
files = [
    {file = "sniffio-1.3.1-py3-none-any.whl", hash = "sha256:2f6da418d1f1e0fddd844478f41680e794e6051915791a034ff65e5f100525a2"},
    {file = "sniffio-1.3.1.tar.gz", hash = "sha256:f4324edc670a0f49750a81b895f35c3adb843cca46f0530f79fc1babb23789dc"},
]

[[package]]
name = "tzdata"
version = "2024.1"
requires_python = ">=2"
summary = "Provider of IANA time zone data"
files = [
    {file = "tzdata-2024.1-py2.py3-none-any.whl", hash = "sha256:9068bc196136463f5245e51efda838afa15aaeca9903f49050dfa2679db4d252"},
    {file = "tzdata-2024.1.tar.gz", hash = "sha256:2674120f8d891909751c38abcdfd386ac0a5a1127954fbc332af6b5ceae07efd"},
]

[[package]]
name = "tzlocal"
version = "5.2"
requires_python = ">=3.8"
summary = "tzinfo object for the local timezone"
dependencies = [
    "tzdata; platform_system == \"Windows\"",
]
files = [
    {file = "tzlocal-5.2-py3-none-any.whl", hash = "sha256:49816ef2fe65ea8ac19d19aa7a1ae0551c834303d5014c6d5a62e4cbda8047b8"},
    {file = "tzlocal-5.2.tar.gz", hash = "sha256:8d399205578f1a9342816409cc1e46a93ebd5755e39ea2d85334bea911bf0e6e"},
]
